// !$*UTF8*$!
{
	archiveVersion = 1;
	classes = {
	};
	objectVersion = 56;
	objects = {

/* Begin PBXBuildFile section */
		F5236EE02C5C5D1300E40070 /* LoanTrackerApp.swift in Sources */ = {isa = PBXBuildFile; fileRef = F5236EDF2C5C5D1300E40070 /* LoanTrackerApp.swift */; };
		F5236EE22C5C5D1300E40070 /* ContentView.swift in Sources */ = {isa = PBXBuildFile; fileRef = F5236EE12C5C5D1300E40070 /* ContentView.swift */; };
		F5236EE42C5C5D1400E40070 /* Assets.xcassets in Resources */ = {isa = PBXBuildFile; fileRef = F5236EE32C5C5D1400E40070 /* Assets.xcassets */; };
		F5236EE72C5C5D1400E40070 /* Preview Assets.xcassets in Resources */ = {isa = PBXBuildFile; fileRef = F5236EE62C5C5D1400E40070 /* Preview Assets.xcassets */; };
		F5236EE92C5C5D1400E40070 /* Persistence.swift in Sources */ = {isa = PBXBuildFile; fileRef = F5236EE82C5C5D1400E40070 /* Persistence.swift */; };
		F5236EEC2C5C5D1400E40070 /* LoanTracker.xcdatamodeld in Sources */ = {isa = PBXBuildFile; fileRef = F5236EEA2C5C5D1400E40070 /* LoanTracker.xcdatamodeld */; };
		F5236EF62C5C5D1500E40070 /* LoanTrackerTests.swift in Sources */ = {isa = PBXBuildFile; fileRef = F5236EF52C5C5D1500E40070 /* LoanTrackerTests.swift */; };
		F5236F002C5C5D1500E40070 /* LoanTrackerUITests.swift in Sources */ = {isa = PBXBuildFile; fileRef = F5236EFF2C5C5D1500E40070 /* LoanTrackerUITests.swift */; };
		F5236F022C5C5D1500E40070 /* LoanTrackerUITestsLaunchTests.swift in Sources */ = {isa = PBXBuildFile; fileRef = F5236F012C5C5D1500E40070 /* LoanTrackerUITestsLaunchTests.swift */; };
/* End PBXBuildFile section */

/* Begin PBXContainerItemProxy section */
		F5236EF22C5C5D1500E40070 /* PBXContainerItemProxy */ = {
			isa = PBXContainerItemProxy;
			containerPortal = F5236ED42C5C5D1200E40070 /* Project object */;
			proxyType = 1;
			remoteGlobalIDString = F5236EDB2C5C5D1300E40070;
			remoteInfo = LoanTracker;
		};
		F5236EFC2C5C5D1500E40070 /* PBXContainerItemProxy */ = {
			isa = PBXContainerItemProxy;
			containerPortal = F5236ED42C5C5D1200E40070 /* Project object */;
			proxyType = 1;
			remoteGlobalIDString = F5236EDB2C5C5D1300E40070;
			remoteInfo = LoanTracker;
		};
/* End PBXContainerItemProxy section */

/* Begin PBXFileReference section */
		F5236EDC2C5C5D1300E40070 /* LoanTracker.app */ = {isa = PBXFileReference; explicitFileType = wrapper.application; includeInIndex = 0; path = LoanTracker.app; sourceTree = BUILT_PRODUCTS_DIR; };
		F5236EDF2C5C5D1300E40070 /* LoanTrackerApp.swift */ = {isa = PBXFileReference; lastKnownFileType = sourcecode.swift; path = LoanTrackerApp.swift; sourceTree = "<group>"; };
		F5236EE12C5C5D1300E40070 /* ContentView.swift */ = {isa = PBXFileReference; lastKnownFileType = sourcecode.swift; path = ContentView.swift; sourceTree = "<group>"; };
		F5236EE32C5C5D1400E40070 /* Assets.xcassets */ = {isa = PBXFileReference; lastKnownFileType = folder.assetcatalog; path = Assets.xcassets; sourceTree = "<group>"; };
		F5236EE62C5C5D1400E40070 /* Preview Assets.xcassets */ = {isa = PBXFileReference; lastKnownFileType = folder.assetcatalog; path = "Preview Assets.xcassets"; sourceTree = "<group>"; };
		F5236EE82C5C5D1400E40070 /* Persistence.swift */ = {isa = PBXFileReference; lastKnownFileType = sourcecode.swift; path = Persistence.swift; sourceTree = "<group>"; };
		F5236EEB2C5C5D1400E40070 /* LoanTracker.xcdatamodel */ = {isa = PBXFileReference; lastKnownFileType = wrapper.xcdatamodel; path = LoanTracker.xcdatamodel; sourceTree = "<group>"; };
		F5236EF12C5C5D1500E40070 /* LoanTrackerTests.xctest */ = {isa = PBXFileReference; explicitFileType = wrapper.cfbundle; includeInIndex = 0; path = LoanTrackerTests.xctest; sourceTree = BUILT_PRODUCTS_DIR; };
		F5236EF52C5C5D1500E40070 /* LoanTrackerTests.swift */ = {isa = PBXFileReference; lastKnownFileType = sourcecode.swift; path = LoanTrackerTests.swift; sourceTree = "<group>"; };
		F5236EFB2C5C5D1500E40070 /* LoanTrackerUITests.xctest */ = {isa = PBXFileReference; explicitFileType = wrapper.cfbundle; includeInIndex = 0; path = LoanTrackerUITests.xctest; sourceTree = BUILT_PRODUCTS_DIR; };
		F5236EFF2C5C5D1500E40070 /* LoanTrackerUITests.swift */ = {isa = PBXFileReference; lastKnownFileType = sourcecode.swift; path = LoanTrackerUITests.swift; sourceTree = "<group>"; };
		F5236F012C5C5D1500E40070 /* LoanTrackerUITestsLaunchTests.swift */ = {isa = PBXFileReference; lastKnownFileType = sourcecode.swift; path = LoanTrackerUITestsLaunchTests.swift; sourceTree = "<group>"; };
/* End PBXFileReference section */

/* Begin PBXFrameworksBuildPhase section */
		F5236ED92C5C5D1300E40070 /* Frameworks */ = {
			isa = PBXFrameworksBuildPhase;
			buildActionMask = 2147483647;
			files = (
			);
			runOnlyForDeploymentPostprocessing = 0;
		};
		F5236EEE2C5C5D1500E40070 /* Frameworks */ = {
			isa = PBXFrameworksBuildPhase;
			buildActionMask = 2147483647;
			files = (
			);
			runOnlyForDeploymentPostprocessing = 0;
		};
		F5236EF82C5C5D1500E40070 /* Frameworks */ = {
			isa = PBXFrameworksBuildPhase;
			buildActionMask = 2147483647;
			files = (
			);
			runOnlyForDeploymentPostprocessing = 0;
		};
/* End PBXFrameworksBuildPhase section */

/* Begin PBXGroup section */
		F5236ED32C5C5D1200E40070 = {
			isa = PBXGroup;
			children = (
				F5236EDE2C5C5D1300E40070 /* LoanTracker */,
				F5236EF42C5C5D1500E40070 /* LoanTrackerTests */,
				F5236EFE2C5C5D1500E40070 /* LoanTrackerUITests */,
				F5236EDD2C5C5D1300E40070 /* Products */,
			);
			sourceTree = "<group>";
		};
		F5236EDD2C5C5D1300E40070 /* Products */ = {
			isa = PBXGroup;
			children = (
				F5236EDC2C5C5D1300E40070 /* LoanTracker.app */,
				F5236EF12C5C5D1500E40070 /* LoanTrackerTests.xctest */,
				F5236EFB2C5C5D1500E40070 /* LoanTrackerUITests.xctest */,
			);
			name = Products;
			sourceTree = "<group>";
		};
		F5236EDE2C5C5D1300E40070 /* LoanTracker */ = {
			isa = PBXGroup;
			children = (
				F5236EDF2C5C5D1300E40070 /* LoanTrackerApp.swift */,
				F5236EE12C5C5D1300E40070 /* ContentView.swift */,
				F5236EE32C5C5D1400E40070 /* Assets.xcassets */,
				F5236EE82C5C5D1400E40070 /* Persistence.swift */,
				F5236EEA2C5C5D1400E40070 /* LoanTracker.xcdatamodeld */,
				F5236EE52C5C5D1400E40070 /* Preview Content */,
			);
			path = LoanTracker;
			sourceTree = "<group>";
		};
		F5236EE52C5C5D1400E40070 /* Preview Content */ = {
			isa = PBXGroup;
			children = (
				F5236EE62C5C5D1400E40070 /* Preview Assets.xcassets */,
			);
			path = "Preview Content";
			sourceTree = "<group>";
		};
		F5236EF42C5C5D1500E40070 /* LoanTrackerTests */ = {
			isa = PBXGroup;
			children = (
				F5236EF52C5C5D1500E40070 /* LoanTrackerTests.swift */,
			);
			path = LoanTrackerTests;
			sourceTree = "<group>";
		};
		F5236EFE2C5C5D1500E40070 /* LoanTrackerUITests */ = {
			isa = PBXGroup;
			children = (
				F5236EFF2C5C5D1500E40070 /* LoanTrackerUITests.swift */,
				F5236F012C5C5D1500E40070 /* LoanTrackerUITestsLaunchTests.swift */,
			);
			path = LoanTrackerUITests;
			sourceTree = "<group>";
		};
/* End PBXGroup section */

/* Begin PBXNativeTarget section */
		F5236EDB2C5C5D1300E40070 /* LoanTracker */ = {
			isa = PBXNativeTarget;
			buildConfigurationList = F5236F052C5C5D1500E40070 /* Build configuration list for PBXNativeTarget "LoanTracker" */;
			buildPhases = (
				F5236ED82C5C5D1300E40070 /* Sources */,
				F5236ED92C5C5D1300E40070 /* Frameworks */,
				F5236EDA2C5C5D1300E40070 /* Resources */,
			);
			buildRules = (
			);
			dependencies = (
			);
			name = LoanTracker;
			productName = LoanTracker;
			productReference = F5236EDC2C5C5D1300E40070 /* LoanTracker.app */;
			productType = "com.apple.product-type.application";
		};
		F5236EF02C5C5D1500E40070 /* LoanTrackerTests */ = {
			isa = PBXNativeTarget;
			buildConfigurationList = F5236F082C5C5D1500E40070 /* Build configuration list for PBXNativeTarget "LoanTrackerTests" */;
			buildPhases = (
				F5236EED2C5C5D1500E40070 /* Sources */,
				F5236EEE2C5C5D1500E40070 /* Frameworks */,
				F5236EEF2C5C5D1500E40070 /* Resources */,
			);
			buildRules = (
			);
			dependencies = (
				F5236EF32C5C5D1500E40070 /* PBXTargetDependency */,
			);
			name = LoanTrackerTests;
			productName = LoanTrackerTests;
			productReference = F5236EF12C5C5D1500E40070 /* LoanTrackerTests.xctest */;
			productType = "com.apple.product-type.bundle.unit-test";
		};
		F5236EFA2C5C5D1500E40070 /* LoanTrackerUITests */ = {
			isa = PBXNativeTarget;
			buildConfigurationList = F5236F0B2C5C5D1500E40070 /* Build configuration list for PBXNativeTarget "LoanTrackerUITests" */;
			buildPhases = (
				F5236EF72C5C5D1500E40070 /* Sources */,
				F5236EF82C5C5D1500E40070 /* Frameworks */,
				F5236EF92C5C5D1500E40070 /* Resources */,
			);
			buildRules = (
			);
			dependencies = (
				F5236EFD2C5C5D1500E40070 /* PBXTargetDependency */,
			);
			name = LoanTrackerUITests;
			productName = LoanTrackerUITests;
			productReference = F5236EFB2C5C5D1500E40070 /* LoanTrackerUITests.xctest */;
			productType = "com.apple.product-type.bundle.ui-testing";
		};
/* End PBXNativeTarget section */

/* Begin PBXProject section */
		F5236ED42C5C5D1200E40070 /* Project object */ = {
			isa = PBXProject;
			attributes = {
				BuildIndependentTargetsInParallel = 1;
				LastSwiftUpdateCheck = 1540;
				LastUpgradeCheck = 1540;
				TargetAttributes = {
					F5236EDB2C5C5D1300E40070 = {
						CreatedOnToolsVersion = 15.4;
					};
					F5236EF02C5C5D1500E40070 = {
						CreatedOnToolsVersion = 15.4;
						TestTargetID = F5236EDB2C5C5D1300E40070;
					};
					F5236EFA2C5C5D1500E40070 = {
						CreatedOnToolsVersion = 15.4;
						TestTargetID = F5236EDB2C5C5D1300E40070;
					};
				};
			};
			buildConfigurationList = F5236ED72C5C5D1200E40070 /* Build configuration list for PBXProject "LoanTracker" */;
			compatibilityVersion = "Xcode 14.0";
			developmentRegion = en;
			hasScannedForEncodings = 0;
			knownRegions = (
				en,
				Base,
			);
			mainGroup = F5236ED32C5C5D1200E40070;
			productRefGroup = F5236EDD2C5C5D1300E40070 /* Products */;
			projectDirPath = "";
			projectRoot = "";
			targets = (
				F5236EDB2C5C5D1300E40070 /* LoanTracker */,
				F5236EF02C5C5D1500E40070 /* LoanTrackerTests */,
				F5236EFA2C5C5D1500E40070 /* LoanTrackerUITests */,
			);
		};
/* End PBXProject section */

/* Begin PBXResourcesBuildPhase section */
		F5236EDA2C5C5D1300E40070 /* Resources */ = {
			isa = PBXResourcesBuildPhase;
			buildActionMask = 2147483647;
			files = (
				F5236EE72C5C5D1400E40070 /* Preview Assets.xcassets in Resources */,
				F5236EE42C5C5D1400E40070 /* Assets.xcassets in Resources */,
			);
			runOnlyForDeploymentPostprocessing = 0;
		};
		F5236EEF2C5C5D1500E40070 /* Resources */ = {
			isa = PBXResourcesBuildPhase;
			buildActionMask = 2147483647;
			files = (
			);
			runOnlyForDeploymentPostprocessing = 0;
		};
		F5236EF92C5C5D1500E40070 /* Resources */ = {
			isa = PBXResourcesBuildPhase;
			buildActionMask = 2147483647;
			files = (
			);
			runOnlyForDeploymentPostprocessing = 0;
		};
/* End PBXResourcesBuildPhase section */

/* Begin PBXSourcesBuildPhase section */
		F5236ED82C5C5D1300E40070 /* Sources */ = {
			isa = PBXSourcesBuildPhase;
			buildActionMask = 2147483647;
			files = (
				F5236EE92C5C5D1400E40070 /* Persistence.swift in Sources */,
				F5236EE22C5C5D1300E40070 /* ContentView.swift in Sources */,
				F5236EEC2C5C5D1400E40070 /* LoanTracker.xcdatamodeld in Sources */,
				F5236EE02C5C5D1300E40070 /* LoanTrackerApp.swift in Sources */,
			);
			runOnlyForDeploymentPostprocessing = 0;
		};
		F5236EED2C5C5D1500E40070 /* Sources */ = {
			isa = PBXSourcesBuildPhase;
			buildActionMask = 2147483647;
			files = (
				F5236EF62C5C5D1500E40070 /* LoanTrackerTests.swift in Sources */,
			);
			runOnlyForDeploymentPostprocessing = 0;
		};
		F5236EF72C5C5D1500E40070 /* Sources */ = {
			isa = PBXSourcesBuildPhase;
			buildActionMask = 2147483647;
			files = (
				F5236F002C5C5D1500E40070 /* LoanTrackerUITests.swift in Sources */,
				F5236F022C5C5D1500E40070 /* LoanTrackerUITestsLaunchTests.swift in Sources */,
			);
			runOnlyForDeploymentPostprocessing = 0;
		};
/* End PBXSourcesBuildPhase section */

/* Begin PBXTargetDependency section */
		F5236EF32C5C5D1500E40070 /* PBXTargetDependency */ = {
			isa = PBXTargetDependency;
			target = F5236EDB2C5C5D1300E40070 /* LoanTracker */;
			targetProxy = F5236EF22C5C5D1500E40070 /* PBXContainerItemProxy */;
		};
		F5236EFD2C5C5D1500E40070 /* PBXTargetDependency */ = {
			isa = PBXTargetDependency;
			target = F5236EDB2C5C5D1300E40070 /* LoanTracker */;
			targetProxy = F5236EFC2C5C5D1500E40070 /* PBXContainerItemProxy */;
		};
/* End PBXTargetDependency section */

/* Begin XCBuildConfiguration section */
		F5236F032C5C5D1500E40070 /* Debug */ = {
			isa = XCBuildConfiguration;
			buildSettings = {
				ALWAYS_SEARCH_USER_PATHS = NO;
				ASSETCATALOG_COMPILER_GENERATE_SWIFT_ASSET_SYMBOL_EXTENSIONS = YES;
				CLANG_ANALYZER_NONNULL = YES;
				CLANG_ANALYZER_NUMBER_OBJECT_CONVERSION = YES_AGGRESSIVE;
				CLANG_CXX_LANGUAGE_STANDARD = "gnu++20";
				CLANG_ENABLE_MODULES = YES;
				CLANG_ENABLE_OBJC_ARC = YES;
				CLANG_ENABLE_OBJC_WEAK = YES;
				CLANG_WARN_BLOCK_CAPTURE_AUTORELEASING = YES;
				CLANG_WARN_BOOL_CONVERSION = YES;
				CLANG_WARN_COMMA = YES;
				CLANG_WARN_CONSTANT_CONVERSION = YES;
				CLANG_WARN_DEPRECATED_OBJC_IMPLEMENTATIONS = YES;
				CLANG_WARN_DIRECT_OBJC_ISA_USAGE = YES_ERROR;
				CLANG_WARN_DOCUMENTATION_COMMENTS = YES;
				CLANG_WARN_EMPTY_BODY = YES;
				CLANG_WARN_ENUM_CONVERSION = YES;
				CLANG_WARN_INFINITE_RECURSION = YES;
				CLANG_WARN_INT_CONVERSION = YES;
				CLANG_WARN_NON_LITERAL_NULL_CONVERSION = YES;
				CLANG_WARN_OBJC_IMPLICIT_RETAIN_SELF = YES;
				CLANG_WARN_OBJC_LITERAL_CONVERSION = YES;
				CLANG_WARN_OBJC_ROOT_CLASS = YES_ERROR;
				CLANG_WARN_QUOTED_INCLUDE_IN_FRAMEWORK_HEADER = YES;
				CLANG_WARN_RANGE_LOOP_ANALYSIS = YES;
				CLANG_WARN_STRICT_PROTOTYPES = YES;
				CLANG_WARN_SUSPICIOUS_MOVE = YES;
				CLANG_WARN_UNGUARDED_AVAILABILITY = YES_AGGRESSIVE;
				CLANG_WARN_UNREACHABLE_CODE = YES;
				CLANG_WARN__DUPLICATE_METHOD_MATCH = YES;
				COPY_PHASE_STRIP = NO;
				DEBUG_INFORMATION_FORMAT = dwarf;
				ENABLE_STRICT_OBJC_MSGSEND = YES;
				ENABLE_TESTABILITY = YES;
				ENABLE_USER_SCRIPT_SANDBOXING = YES;
				GCC_C_LANGUAGE_STANDARD = gnu17;
				GCC_DYNAMIC_NO_PIC = NO;
				GCC_NO_COMMON_BLOCKS = YES;
				GCC_OPTIMIZATION_LEVEL = 0;
				GCC_PREPROCESSOR_DEFINITIONS = (
					"DEBUG=1",
					"$(inherited)",
				);
				GCC_WARN_64_TO_32_BIT_CONVERSION = YES;
				GCC_WARN_ABOUT_RETURN_TYPE = YES_ERROR;
				GCC_WARN_UNDECLARED_SELECTOR = YES;
				GCC_WARN_UNINITIALIZED_AUTOS = YES_AGGRESSIVE;
				GCC_WARN_UNUSED_FUNCTION = YES;
				GCC_WARN_UNUSED_VARIABLE = YES;
				IPHONEOS_DEPLOYMENT_TARGET = 17.5;
				LOCALIZATION_PREFERS_STRING_CATALOGS = YES;
				MTL_ENABLE_DEBUG_INFO = INCLUDE_SOURCE;
				MTL_FAST_MATH = YES;
				ONLY_ACTIVE_ARCH = YES;
				SDKROOT = iphoneos;
				SWIFT_ACTIVE_COMPILATION_CONDITIONS = "DEBUG $(inherited)";
				SWIFT_OPTIMIZATION_LEVEL = "-Onone";
			};
			name = Debug;
		};
		F5236F042C5C5D1500E40070 /* Release */ = {
			isa = XCBuildConfiguration;
			buildSettings = {
				ALWAYS_SEARCH_USER_PATHS = NO;
				ASSETCATALOG_COMPILER_GENERATE_SWIFT_ASSET_SYMBOL_EXTENSIONS = YES;
				CLANG_ANALYZER_NONNULL = YES;
				CLANG_ANALYZER_NUMBER_OBJECT_CONVERSION = YES_AGGRESSIVE;
				CLANG_CXX_LANGUAGE_STANDARD = "gnu++20";
				CLANG_ENABLE_MODULES = YES;
				CLANG_ENABLE_OBJC_ARC = YES;
				CLANG_ENABLE_OBJC_WEAK = YES;
				CLANG_WARN_BLOCK_CAPTURE_AUTORELEASING = YES;
				CLANG_WARN_BOOL_CONVERSION = YES;
				CLANG_WARN_COMMA = YES;
				CLANG_WARN_CONSTANT_CONVERSION = YES;
				CLANG_WARN_DEPRECATED_OBJC_IMPLEMENTATIONS = YES;
				CLANG_WARN_DIRECT_OBJC_ISA_USAGE = YES_ERROR;
				CLANG_WARN_DOCUMENTATION_COMMENTS = YES;
				CLANG_WARN_EMPTY_BODY = YES;
				CLANG_WARN_ENUM_CONVERSION = YES;
				CLANG_WARN_INFINITE_RECURSION = YES;
				CLANG_WARN_INT_CONVERSION = YES;
				CLANG_WARN_NON_LITERAL_NULL_CONVERSION = YES;
				CLANG_WARN_OBJC_IMPLICIT_RETAIN_SELF = YES;
				CLANG_WARN_OBJC_LITERAL_CONVERSION = YES;
				CLANG_WARN_OBJC_ROOT_CLASS = YES_ERROR;
				CLANG_WARN_QUOTED_INCLUDE_IN_FRAMEWORK_HEADER = YES;
				CLANG_WARN_RANGE_LOOP_ANALYSIS = YES;
				CLANG_WARN_STRICT_PROTOTYPES = YES;
				CLANG_WARN_SUSPICIOUS_MOVE = YES;
				CLANG_WARN_UNGUARDED_AVAILABILITY = YES_AGGRESSIVE;
				CLANG_WARN_UNREACHABLE_CODE = YES;
				CLANG_WARN__DUPLICATE_METHOD_MATCH = YES;
				COPY_PHASE_STRIP = NO;
				DEBUG_INFORMATION_FORMAT = "dwarf-with-dsym";
				ENABLE_NS_ASSERTIONS = NO;
				ENABLE_STRICT_OBJC_MSGSEND = YES;
				ENABLE_USER_SCRIPT_SANDBOXING = YES;
				GCC_C_LANGUAGE_STANDARD = gnu17;
				GCC_NO_COMMON_BLOCKS = YES;
				GCC_WARN_64_TO_32_BIT_CONVERSION = YES;
				GCC_WARN_ABOUT_RETURN_TYPE = YES_ERROR;
				GCC_WARN_UNDECLARED_SELECTOR = YES;
				GCC_WARN_UNINITIALIZED_AUTOS = YES_AGGRESSIVE;
				GCC_WARN_UNUSED_FUNCTION = YES;
				GCC_WARN_UNUSED_VARIABLE = YES;
				IPHONEOS_DEPLOYMENT_TARGET = 17.5;
				LOCALIZATION_PREFERS_STRING_CATALOGS = YES;
				MTL_ENABLE_DEBUG_INFO = NO;
				MTL_FAST_MATH = YES;
				SDKROOT = iphoneos;
				SWIFT_COMPILATION_MODE = wholemodule;
				VALIDATE_PRODUCT = YES;
			};
			name = Release;
		};
		F5236F062C5C5D1500E40070 /* Debug */ = {
			isa = XCBuildConfiguration;
			buildSettings = {
				ASSETCATALOG_COMPILER_APPICON_NAME = AppIcon;
				ASSETCATALOG_COMPILER_GLOBAL_ACCENT_COLOR_NAME = AccentColor;
				CODE_SIGN_STYLE = Automatic;
				CURRENT_PROJECT_VERSION = 1;
				DEVELOPMENT_ASSET_PATHS = "\"LoanTracker/Preview Content\"";
				DEVELOPMENT_TEAM = UGMQQP3AYQ;
				ENABLE_PREVIEWS = YES;
				GENERATE_INFOPLIST_FILE = YES;
				INFOPLIST_KEY_UIApplicationSceneManifest_Generation = YES;
				INFOPLIST_KEY_UIApplicationSupportsIndirectInputEvents = YES;
				INFOPLIST_KEY_UILaunchScreen_Generation = YES;
				INFOPLIST_KEY_UISupportedInterfaceOrientations_iPad = "UIInterfaceOrientationPortrait UIInterfaceOrientationPortraitUpsideDown UIInterfaceOrientationLandscapeLeft UIInterfaceOrientationLandscapeRight";
				INFOPLIST_KEY_UISupportedInterfaceOrientations_iPhone = "UIInterfaceOrientationPortrait UIInterfaceOrientationLandscapeLeft UIInterfaceOrientationLandscapeRight";
				LD_RUNPATH_SEARCH_PATHS = (
					"$(inherited)",
					"@executable_path/Frameworks",
				);
				MARKETING_VERSION = 1.0;
				PRODUCT_BUNDLE_IDENTIFIER = com.yusuf.LoanTracker;
				PRODUCT_NAME = "$(TARGET_NAME)";
				SWIFT_EMIT_LOC_STRINGS = YES;
				SWIFT_VERSION = 5.0;
				TARGETED_DEVICE_FAMILY = "1,2";
			};
			name = Debug;
		};
		F5236F072C5C5D1500E40070 /* Release */ = {
			isa = XCBuildConfiguration;
			buildSettings = {
				ASSETCATALOG_COMPILER_APPICON_NAME = AppIcon;
				ASSETCATALOG_COMPILER_GLOBAL_ACCENT_COLOR_NAME = AccentColor;
				CODE_SIGN_STYLE = Automatic;
				CURRENT_PROJECT_VERSION = 1;
				DEVELOPMENT_ASSET_PATHS = "\"LoanTracker/Preview Content\"";
				DEVELOPMENT_TEAM = UGMQQP3AYQ;
				ENABLE_PREVIEWS = YES;
				GENERATE_INFOPLIST_FILE = YES;
				INFOPLIST_KEY_UIApplicationSceneManifest_Generation = YES;
				INFOPLIST_KEY_UIApplicationSupportsIndirectInputEvents = YES;
				INFOPLIST_KEY_UILaunchScreen_Generation = YES;
				INFOPLIST_KEY_UISupportedInterfaceOrientations_iPad = "UIInterfaceOrientationPortrait UIInterfaceOrientationPortraitUpsideDown UIInterfaceOrientationLandscapeLeft UIInterfaceOrientationLandscapeRight";
				INFOPLIST_KEY_UISupportedInterfaceOrientations_iPhone = "UIInterfaceOrientationPortrait UIInterfaceOrientationLandscapeLeft UIInterfaceOrientationLandscapeRight";
				LD_RUNPATH_SEARCH_PATHS = (
					"$(inherited)",
					"@executable_path/Frameworks",
				);
				MARKETING_VERSION = 1.0;
				PRODUCT_BUNDLE_IDENTIFIER = com.yusuf.LoanTracker;
				PRODUCT_NAME = "$(TARGET_NAME)";
				SWIFT_EMIT_LOC_STRINGS = YES;
				SWIFT_VERSION = 5.0;
				TARGETED_DEVICE_FAMILY = "1,2";
			};
			name = Release;
		};
		F5236F092C5C5D1500E40070 /* Debug */ = {
			isa = XCBuildConfiguration;
			buildSettings = {
				ALWAYS_EMBED_SWIFT_STANDARD_LIBRARIES = YES;
				BUNDLE_LOADER = "$(TEST_HOST)";
				CODE_SIGN_STYLE = Automatic;
				CURRENT_PROJECT_VERSION = 1;
				DEVELOPMENT_TEAM = UGMQQP3AYQ;
				GENERATE_INFOPLIST_FILE = YES;
				IPHONEOS_DEPLOYMENT_TARGET = 17.5;
				MARKETING_VERSION = 1.0;
				PRODUCT_BUNDLE_IDENTIFIER = com.yusuf.LoanTrackerTests;
				PRODUCT_NAME = "$(TARGET_NAME)";
				SWIFT_EMIT_LOC_STRINGS = NO;
				SWIFT_VERSION = 5.0;
				TARGETED_DEVICE_FAMILY = "1,2";
				TEST_HOST = "$(BUILT_PRODUCTS_DIR)/LoanTracker.app/$(BUNDLE_EXECUTABLE_FOLDER_PATH)/LoanTracker";
			};
			name = Debug;
		};
		F5236F0A2C5C5D1500E40070 /* Release */ = {
			isa = XCBuildConfiguration;
			buildSettings = {
				ALWAYS_EMBED_SWIFT_STANDARD_LIBRARIES = YES;
				BUNDLE_LOADER = "$(TEST_HOST)";
				CODE_SIGN_STYLE = Automatic;
				CURRENT_PROJECT_VERSION = 1;
				DEVELOPMENT_TEAM = UGMQQP3AYQ;
				GENERATE_INFOPLIST_FILE = YES;
				IPHONEOS_DEPLOYMENT_TARGET = 17.5;
				MARKETING_VERSION = 1.0;
				PRODUCT_BUNDLE_IDENTIFIER = com.yusuf.LoanTrackerTests;
				PRODUCT_NAME = "$(TARGET_NAME)";
				SWIFT_EMIT_LOC_STRINGS = NO;
				SWIFT_VERSION = 5.0;
				TARGETED_DEVICE_FAMILY = "1,2";
				TEST_HOST = "$(BUILT_PRODUCTS_DIR)/LoanTracker.app/$(BUNDLE_EXECUTABLE_FOLDER_PATH)/LoanTracker";
			};
			name = Release;
		};
		F5236F0C2C5C5D1500E40070 /* Debug */ = {
			isa = XCBuildConfiguration;
			buildSettings = {
				ALWAYS_EMBED_SWIFT_STANDARD_LIBRARIES = YES;
				CODE_SIGN_STYLE = Automatic;
				CURRENT_PROJECT_VERSION = 1;
				DEVELOPMENT_TEAM = UGMQQP3AYQ;
				GENERATE_INFOPLIST_FILE = YES;
				MARKETING_VERSION = 1.0;
				PRODUCT_BUNDLE_IDENTIFIER = com.yusuf.LoanTrackerUITests;
				PRODUCT_NAME = "$(TARGET_NAME)";
				SWIFT_EMIT_LOC_STRINGS = NO;
				SWIFT_VERSION = 5.0;
				TARGETED_DEVICE_FAMILY = "1,2";
				TEST_TARGET_NAME = LoanTracker;
			};
			name = Debug;
		};
		F5236F0D2C5C5D1500E40070 /* Release */ = {
			isa = XCBuildConfiguration;
			buildSettings = {
				ALWAYS_EMBED_SWIFT_STANDARD_LIBRARIES = YES;
				CODE_SIGN_STYLE = Automatic;
				CURRENT_PROJECT_VERSION = 1;
				DEVELOPMENT_TEAM = UGMQQP3AYQ;
				GENERATE_INFOPLIST_FILE = YES;
				MARKETING_VERSION = 1.0;
				PRODUCT_BUNDLE_IDENTIFIER = com.yusuf.LoanTrackerUITests;
				PRODUCT_NAME = "$(TARGET_NAME)";
				SWIFT_EMIT_LOC_STRINGS = NO;
				SWIFT_VERSION = 5.0;
				TARGETED_DEVICE_FAMILY = "1,2";
				TEST_TARGET_NAME = LoanTracker;
			};
			name = Release;
		};
/* End XCBuildConfiguration section */

/* Begin XCConfigurationList section */
		F5236ED72C5C5D1200E40070 /* Build configuration list for PBXProject "LoanTracker" */ = {
			isa = XCConfigurationList;
			buildConfigurations = (
				F5236F032C5C5D1500E40070 /* Debug */,
				F5236F042C5C5D1500E40070 /* Release */,
			);
			defaultConfigurationIsVisible = 0;
			defaultConfigurationName = Release;
		};
		F5236F052C5C5D1500E40070 /* Build configuration list for PBXNativeTarget "LoanTracker" */ = {
			isa = XCConfigurationList;
			buildConfigurations = (
				F5236F062C5C5D1500E40070 /* Debug */,
				F5236F072C5C5D1500E40070 /* Release */,
			);
			defaultConfigurationIsVisible = 0;
			defaultConfigurationName = Release;
		};
		F5236F082C5C5D1500E40070 /* Build configuration list for PBXNativeTarget "LoanTrackerTests" */ = {
			isa = XCConfigurationList;
			buildConfigurations = (
				F5236F092C5C5D1500E40070 /* Debug */,
				F5236F0A2C5C5D1500E40070 /* Release */,
			);
			defaultConfigurationIsVisible = 0;
			defaultConfigurationName = Release;
		};
		F5236F0B2C5C5D1500E40070 /* Build configuration list for PBXNativeTarget "LoanTrackerUITests" */ = {
			isa = XCConfigurationList;
			buildConfigurations = (
				F5236F0C2C5C5D1500E40070 /* Debug */,
				F5236F0D2C5C5D1500E40070 /* Release */,
			);
			defaultConfigurationIsVisible = 0;
			defaultConfigurationName = Release;
		};
/* End XCConfigurationList section */

/* Begin XCVersionGroup section */
		F5236EEA2C5C5D1400E40070 /* LoanTracker.xcdatamodeld */ = {
			isa = XCVersionGroup;
			children = (
				F5236EEB2C5C5D1400E40070 /* LoanTracker.xcdatamodel */,
			);
			currentVersion = F5236EEB2C5C5D1400E40070 /* LoanTracker.xcdatamodel */;
			path = LoanTracker.xcdatamodeld;
			sourceTree = "<group>";
			versionGroupType = wrapper.xcdatamodel;
		};
/* End XCVersionGroup section */
	};
	rootObject = F5236ED42C5C5D1200E40070 /* Project object */;
}
